
Microsoft Visual Studio Solution File, Format Version 12.00
# Visual Studio Version 17
VisualStudioVersion = 17.0.32126.317
MinimumVisualStudioVersion = 10.0.40219.1
Project("{9A19103F-16F7-4668-BE54-9A1E7A4F7556}") = "LearnCSharp", "LearnCSharp\LearnCSharp.csproj", "{9E86608B-3B20-4B32-8D14-BCAE6306F85D}"
EndProject
Project("{9A19103F-16F7-4668-BE54-9A1E7A4F7556}") = "Astar", "Astar\Astar.csproj", "{48826DC7-D31C-4E39-A2C7-AC5EFAECE724}"
EndProject
Project("{FAE04EC0-301F-11D3-BF4B-00C04F79EFBC}") = "Interface_ex1", "Interface\Interface_ex1.csproj", "{B1BAA06D-06FE-4EBA-89F6-CE0EB7BD2234}"
EndProject
Project("{FAE04EC0-301F-11D3-BF4B-00C04F79EFBC}") = "Interface_ex2", "Interface_ex2\Interface_ex2.csproj", "{B8949E05-C4FF-4813-BD28-8A470159D34F}"
EndProject
Global
	GlobalSection(SolutionConfigurationPlatforms) = preSolution
		Debug|Any CPU = Debug|Any CPU
		Release|Any CPU = Release|Any CPU
	EndGlobalSection
	GlobalSection(ProjectConfigurationPlatforms) = postSolution
		{9E86608B-3B20-4B32-8D14-BCAE6306F85D}.Debug|Any CPU.ActiveCfg = Debug|Any CPU
		{9E86608B-3B20-4B32-8D14-BCAE6306F85D}.Debug|Any CPU.Build.0 = Debug|Any CPU
		{9E86608B-3B20-4B32-8D14-BCAE6306F85D}.Release|Any CPU.ActiveCfg = Release|Any CPU
		{9E86608B-3B20-4B32-8D14-BCAE6306F85D}.Release|Any CPU.Build.0 = Release|Any CPU
		{48826DC7-D31C-4E39-A2C7-AC5EFAECE724}.Debug|Any CPU.ActiveCfg = Debug|Any CPU
		{48826DC7-D31C-4E39-A2C7-AC5EFAECE724}.Debug|Any CPU.Build.0 = Debug|Any CPU
		{48826DC7-D31C-4E39-A2C7-AC5EFAECE724}.Release|Any CPU.ActiveCfg = Release|Any CPU
		{48826DC7-D31C-4E39-A2C7-AC5EFAECE724}.Release|Any CPU.Build.0 = Release|Any CPU
		{B1BAA06D-06FE-4EBA-89F6-CE0EB7BD2234}.Debug|Any CPU.ActiveCfg = Debug|Any CPU
		{B1BAA06D-06FE-4EBA-89F6-CE0EB7BD2234}.Debug|Any CPU.Build.0 = Debug|Any CPU
		{B1BAA06D-06FE-4EBA-89F6-CE0EB7BD2234}.Release|Any CPU.ActiveCfg = Release|Any CPU
		{B1BAA06D-06FE-4EBA-89F6-CE0EB7BD2234}.Release|Any CPU.Build.0 = Release|Any CPU
		{B8949E05-C4FF-4813-BD28-8A470159D34F}.Debug|Any CPU.ActiveCfg = Debug|Any CPU
		{B8949E05-C4FF-4813-BD28-8A470159D34F}.Debug|Any CPU.Build.0 = Debug|Any CPU
		{B8949E05-C4FF-4813-BD28-8A470159D34F}.Release|Any CPU.ActiveCfg = Release|Any CPU
		{B8949E05-C4FF-4813-BD28-8A470159D34F}.Release|Any CPU.Build.0 = Release|Any CPU
	EndGlobalSection
	GlobalSection(SolutionProperties) = preSolution
		HideSolutionNode = FALSE
	EndGlobalSection
	GlobalSection(ExtensibilityGlobals) = postSolution
		SolutionGuid = {CC6B7C87-0FB7-4C6B-A60B-144BEA3B8E6D}
	EndGlobalSection
EndGlobal
