
Microsoft Visual Studio Solution File, Format Version 12.00
# Visual Studio Version 17
VisualStudioVersion = 17.0.32014.148
MinimumVisualStudioVersion = 10.0.40219.1
Project("{8BC9CEB8-8B4A-11D0-8D11-00A0C91BC942}") = "Lv1.로또의 최고 순위와 최저순위", "Lv1.로또의 최고 순위와 최저순위\Lv1.로또의 최고 순위와 최저순위.vcxproj", "{D580A713-F6D5-4C22-9E55-7CE3CA114639}"
EndProject
Project("{8BC9CEB8-8B4A-11D0-8D11-00A0C91BC942}") = "Lv1.신규 아이디 추천", "Lv1.신규 아이디 추천\Lv1.신규 아이디 추천.vcxproj", "{3C950CFE-6423-427D-A20A-64EE3FA0D9AF}"
EndProject
Project("{8BC9CEB8-8B4A-11D0-8D11-00A0C91BC942}") = "Lv1.숫자 문자열과 영단어", "Lv1.숫자 문자열과 영단어\Lv1.숫자 문자열과 영단어.vcxproj", "{77D3126A-2574-4E77-B12A-026D95D8C09C}"
EndProject
Project("{8BC9CEB8-8B4A-11D0-8D11-00A0C91BC942}") = "Lv1.없는 숫자 더하기", "Lv1.없는 숫자 더하기\Lv1.없는 숫자 더하기.vcxproj", "{3980C357-7A14-4474-A469-76A14F64ADD3}"
EndProject
Project("{8BC9CEB8-8B4A-11D0-8D11-00A0C91BC942}") = "Lv1.음양 더하기", "Lv1.음양 더하기\Lv1.음양 더하기.vcxproj", "{120210F7-9ACD-4C7D-9A01-E7C18E180A71}"
EndProject
Project("{8BC9CEB8-8B4A-11D0-8D11-00A0C91BC942}") = "Lv1.내적", "Lv1.내적\Lv1.내적.vcxproj", "{30F5D636-BD6A-45DC-B539-120F1673FAB7}"
EndProject
Project("{8BC9CEB8-8B4A-11D0-8D11-00A0C91BC942}") = "Lv1.완주하지 못한 선수", "Lv1.완주하지 못한 선수\Lv1.완주하지 못한 선수.vcxproj", "{5B07DF1C-9DBD-4DA5-AAA7-5CECE0AA201B}"
EndProject
Project("{8BC9CEB8-8B4A-11D0-8D11-00A0C91BC942}") = "Lv1.K번째수", "Lv1.K번째수\Lv1.K번째수.vcxproj", "{4B200DDE-C0E4-461B-99A3-99A5A0BC7537}"
EndProject
Project("{8BC9CEB8-8B4A-11D0-8D11-00A0C91BC942}") = "Lv2.가장 큰 수", "Lv2.가장 큰 수\Lv2.가장 큰 수.vcxproj", "{2334444F-464A-4E26-8896-1CB15BC112F6}"
EndProject
Global
	GlobalSection(SolutionConfigurationPlatforms) = preSolution
		Debug|x64 = Debug|x64
		Debug|x86 = Debug|x86
		Release|x64 = Release|x64
		Release|x86 = Release|x86
	EndGlobalSection
	GlobalSection(ProjectConfigurationPlatforms) = postSolution
		{D580A713-F6D5-4C22-9E55-7CE3CA114639}.Debug|x64.ActiveCfg = Debug|x64
		{D580A713-F6D5-4C22-9E55-7CE3CA114639}.Debug|x64.Build.0 = Debug|x64
		{D580A713-F6D5-4C22-9E55-7CE3CA114639}.Debug|x86.ActiveCfg = Debug|Win32
		{D580A713-F6D5-4C22-9E55-7CE3CA114639}.Debug|x86.Build.0 = Debug|Win32
		{D580A713-F6D5-4C22-9E55-7CE3CA114639}.Release|x64.ActiveCfg = Release|x64
		{D580A713-F6D5-4C22-9E55-7CE3CA114639}.Release|x64.Build.0 = Release|x64
		{D580A713-F6D5-4C22-9E55-7CE3CA114639}.Release|x86.ActiveCfg = Release|Win32
		{D580A713-F6D5-4C22-9E55-7CE3CA114639}.Release|x86.Build.0 = Release|Win32
		{3C950CFE-6423-427D-A20A-64EE3FA0D9AF}.Debug|x64.ActiveCfg = Debug|x64
		{3C950CFE-6423-427D-A20A-64EE3FA0D9AF}.Debug|x64.Build.0 = Debug|x64
		{3C950CFE-6423-427D-A20A-64EE3FA0D9AF}.Debug|x86.ActiveCfg = Debug|Win32
		{3C950CFE-6423-427D-A20A-64EE3FA0D9AF}.Debug|x86.Build.0 = Debug|Win32
		{3C950CFE-6423-427D-A20A-64EE3FA0D9AF}.Release|x64.ActiveCfg = Release|x64
		{3C950CFE-6423-427D-A20A-64EE3FA0D9AF}.Release|x64.Build.0 = Release|x64
		{3C950CFE-6423-427D-A20A-64EE3FA0D9AF}.Release|x86.ActiveCfg = Release|Win32
		{3C950CFE-6423-427D-A20A-64EE3FA0D9AF}.Release|x86.Build.0 = Release|Win32
		{77D3126A-2574-4E77-B12A-026D95D8C09C}.Debug|x64.ActiveCfg = Debug|x64
		{77D3126A-2574-4E77-B12A-026D95D8C09C}.Debug|x64.Build.0 = Debug|x64
		{77D3126A-2574-4E77-B12A-026D95D8C09C}.Debug|x86.ActiveCfg = Debug|Win32
		{77D3126A-2574-4E77-B12A-026D95D8C09C}.Debug|x86.Build.0 = Debug|Win32
		{77D3126A-2574-4E77-B12A-026D95D8C09C}.Release|x64.ActiveCfg = Release|x64
		{77D3126A-2574-4E77-B12A-026D95D8C09C}.Release|x64.Build.0 = Release|x64
		{77D3126A-2574-4E77-B12A-026D95D8C09C}.Release|x86.ActiveCfg = Release|Win32
		{77D3126A-2574-4E77-B12A-026D95D8C09C}.Release|x86.Build.0 = Release|Win32
		{3980C357-7A14-4474-A469-76A14F64ADD3}.Debug|x64.ActiveCfg = Debug|x64
		{3980C357-7A14-4474-A469-76A14F64ADD3}.Debug|x64.Build.0 = Debug|x64
		{3980C357-7A14-4474-A469-76A14F64ADD3}.Debug|x86.ActiveCfg = Debug|Win32
		{3980C357-7A14-4474-A469-76A14F64ADD3}.Debug|x86.Build.0 = Debug|Win32
		{3980C357-7A14-4474-A469-76A14F64ADD3}.Release|x64.ActiveCfg = Release|x64
		{3980C357-7A14-4474-A469-76A14F64ADD3}.Release|x64.Build.0 = Release|x64
		{3980C357-7A14-4474-A469-76A14F64ADD3}.Release|x86.ActiveCfg = Release|Win32
		{3980C357-7A14-4474-A469-76A14F64ADD3}.Release|x86.Build.0 = Release|Win32
		{120210F7-9ACD-4C7D-9A01-E7C18E180A71}.Debug|x64.ActiveCfg = Debug|x64
		{120210F7-9ACD-4C7D-9A01-E7C18E180A71}.Debug|x64.Build.0 = Debug|x64
		{120210F7-9ACD-4C7D-9A01-E7C18E180A71}.Debug|x86.ActiveCfg = Debug|Win32
		{120210F7-9ACD-4C7D-9A01-E7C18E180A71}.Debug|x86.Build.0 = Debug|Win32
		{120210F7-9ACD-4C7D-9A01-E7C18E180A71}.Release|x64.ActiveCfg = Release|x64
		{120210F7-9ACD-4C7D-9A01-E7C18E180A71}.Release|x64.Build.0 = Release|x64
		{120210F7-9ACD-4C7D-9A01-E7C18E180A71}.Release|x86.ActiveCfg = Release|Win32
		{120210F7-9ACD-4C7D-9A01-E7C18E180A71}.Release|x86.Build.0 = Release|Win32
		{30F5D636-BD6A-45DC-B539-120F1673FAB7}.Debug|x64.ActiveCfg = Debug|x64
		{30F5D636-BD6A-45DC-B539-120F1673FAB7}.Debug|x64.Build.0 = Debug|x64
		{30F5D636-BD6A-45DC-B539-120F1673FAB7}.Debug|x86.ActiveCfg = Debug|Win32
		{30F5D636-BD6A-45DC-B539-120F1673FAB7}.Debug|x86.Build.0 = Debug|Win32
		{30F5D636-BD6A-45DC-B539-120F1673FAB7}.Release|x64.ActiveCfg = Release|x64
		{30F5D636-BD6A-45DC-B539-120F1673FAB7}.Release|x64.Build.0 = Release|x64
		{30F5D636-BD6A-45DC-B539-120F1673FAB7}.Release|x86.ActiveCfg = Release|Win32
		{30F5D636-BD6A-45DC-B539-120F1673FAB7}.Release|x86.Build.0 = Release|Win32
		{5B07DF1C-9DBD-4DA5-AAA7-5CECE0AA201B}.Debug|x64.ActiveCfg = Debug|x64
		{5B07DF1C-9DBD-4DA5-AAA7-5CECE0AA201B}.Debug|x64.Build.0 = Debug|x64
		{5B07DF1C-9DBD-4DA5-AAA7-5CECE0AA201B}.Debug|x86.ActiveCfg = Debug|Win32
		{5B07DF1C-9DBD-4DA5-AAA7-5CECE0AA201B}.Debug|x86.Build.0 = Debug|Win32
		{5B07DF1C-9DBD-4DA5-AAA7-5CECE0AA201B}.Release|x64.ActiveCfg = Release|x64
		{5B07DF1C-9DBD-4DA5-AAA7-5CECE0AA201B}.Release|x64.Build.0 = Release|x64
		{5B07DF1C-9DBD-4DA5-AAA7-5CECE0AA201B}.Release|x86.ActiveCfg = Release|Win32
		{5B07DF1C-9DBD-4DA5-AAA7-5CECE0AA201B}.Release|x86.Build.0 = Release|Win32
		{4B200DDE-C0E4-461B-99A3-99A5A0BC7537}.Debug|x64.ActiveCfg = Debug|x64
		{4B200DDE-C0E4-461B-99A3-99A5A0BC7537}.Debug|x64.Build.0 = Debug|x64
		{4B200DDE-C0E4-461B-99A3-99A5A0BC7537}.Debug|x86.ActiveCfg = Debug|Win32
		{4B200DDE-C0E4-461B-99A3-99A5A0BC7537}.Debug|x86.Build.0 = Debug|Win32
		{4B200DDE-C0E4-461B-99A3-99A5A0BC7537}.Release|x64.ActiveCfg = Release|x64
		{4B200DDE-C0E4-461B-99A3-99A5A0BC7537}.Release|x64.Build.0 = Release|x64
		{4B200DDE-C0E4-461B-99A3-99A5A0BC7537}.Release|x86.ActiveCfg = Release|Win32
		{4B200DDE-C0E4-461B-99A3-99A5A0BC7537}.Release|x86.Build.0 = Release|Win32
		{2334444F-464A-4E26-8896-1CB15BC112F6}.Debug|x64.ActiveCfg = Debug|x64
		{2334444F-464A-4E26-8896-1CB15BC112F6}.Debug|x64.Build.0 = Debug|x64
		{2334444F-464A-4E26-8896-1CB15BC112F6}.Debug|x86.ActiveCfg = Debug|Win32
		{2334444F-464A-4E26-8896-1CB15BC112F6}.Debug|x86.Build.0 = Debug|Win32
		{2334444F-464A-4E26-8896-1CB15BC112F6}.Release|x64.ActiveCfg = Release|x64
		{2334444F-464A-4E26-8896-1CB15BC112F6}.Release|x64.Build.0 = Release|x64
		{2334444F-464A-4E26-8896-1CB15BC112F6}.Release|x86.ActiveCfg = Release|Win32
		{2334444F-464A-4E26-8896-1CB15BC112F6}.Release|x86.Build.0 = Release|Win32
	EndGlobalSection
	GlobalSection(SolutionProperties) = preSolution
		HideSolutionNode = FALSE
	EndGlobalSection
	GlobalSection(ExtensibilityGlobals) = postSolution
		SolutionGuid = {D84DFC4C-A1E0-470D-83C7-39927651AF17}
	EndGlobalSection
EndGlobal
