
Microsoft Visual Studio Solution File, Format Version 12.00
# Visual Studio Version 17
VisualStudioVersion = 17.0.32014.148
MinimumVisualStudioVersion = 10.0.40219.1
Project("{8BC9CEB8-8B4A-11D0-8D11-00A0C91BC942}") = "1-1.IO", "1-1.IO\1-1.IO.vcxproj", "{D14F300C-402B-4605-AFE9-C09DDD21D892}"
EndProject
Project("{8BC9CEB8-8B4A-11D0-8D11-00A0C91BC942}") = "1-2.IF", "1-2.IF\1-2.IF.vcxproj", "{576B781B-61B2-49B3-B28F-1886BEE73B47}"
EndProject
Project("{8BC9CEB8-8B4A-11D0-8D11-00A0C91BC942}") = "1-3.EX_Calculator", "1-3.EX_Calculator\1-3.EX_Calculator.vcxproj", "{B63D308C-0CA2-4AFC-9875-4A52D54A1ECE}"
EndProject
Global
	GlobalSection(SolutionConfigurationPlatforms) = preSolution
		Debug|x64 = Debug|x64
		Debug|x86 = Debug|x86
		Release|x64 = Release|x64
		Release|x86 = Release|x86
	EndGlobalSection
	GlobalSection(ProjectConfigurationPlatforms) = postSolution
		{D14F300C-402B-4605-AFE9-C09DDD21D892}.Debug|x64.ActiveCfg = Debug|x64
		{D14F300C-402B-4605-AFE9-C09DDD21D892}.Debug|x64.Build.0 = Debug|x64
		{D14F300C-402B-4605-AFE9-C09DDD21D892}.Debug|x86.ActiveCfg = Debug|Win32
		{D14F300C-402B-4605-AFE9-C09DDD21D892}.Debug|x86.Build.0 = Debug|Win32
		{D14F300C-402B-4605-AFE9-C09DDD21D892}.Release|x64.ActiveCfg = Release|x64
		{D14F300C-402B-4605-AFE9-C09DDD21D892}.Release|x64.Build.0 = Release|x64
		{D14F300C-402B-4605-AFE9-C09DDD21D892}.Release|x86.ActiveCfg = Release|Win32
		{D14F300C-402B-4605-AFE9-C09DDD21D892}.Release|x86.Build.0 = Release|Win32
		{576B781B-61B2-49B3-B28F-1886BEE73B47}.Debug|x64.ActiveCfg = Debug|x64
		{576B781B-61B2-49B3-B28F-1886BEE73B47}.Debug|x64.Build.0 = Debug|x64
		{576B781B-61B2-49B3-B28F-1886BEE73B47}.Debug|x86.ActiveCfg = Debug|Win32
		{576B781B-61B2-49B3-B28F-1886BEE73B47}.Debug|x86.Build.0 = Debug|Win32
		{576B781B-61B2-49B3-B28F-1886BEE73B47}.Release|x64.ActiveCfg = Release|x64
		{576B781B-61B2-49B3-B28F-1886BEE73B47}.Release|x64.Build.0 = Release|x64
		{576B781B-61B2-49B3-B28F-1886BEE73B47}.Release|x86.ActiveCfg = Release|Win32
		{576B781B-61B2-49B3-B28F-1886BEE73B47}.Release|x86.Build.0 = Release|Win32
		{B63D308C-0CA2-4AFC-9875-4A52D54A1ECE}.Debug|x64.ActiveCfg = Debug|x64
		{B63D308C-0CA2-4AFC-9875-4A52D54A1ECE}.Debug|x64.Build.0 = Debug|x64
		{B63D308C-0CA2-4AFC-9875-4A52D54A1ECE}.Debug|x86.ActiveCfg = Debug|Win32
		{B63D308C-0CA2-4AFC-9875-4A52D54A1ECE}.Debug|x86.Build.0 = Debug|Win32
		{B63D308C-0CA2-4AFC-9875-4A52D54A1ECE}.Release|x64.ActiveCfg = Release|x64
		{B63D308C-0CA2-4AFC-9875-4A52D54A1ECE}.Release|x64.Build.0 = Release|x64
		{B63D308C-0CA2-4AFC-9875-4A52D54A1ECE}.Release|x86.ActiveCfg = Release|Win32
		{B63D308C-0CA2-4AFC-9875-4A52D54A1ECE}.Release|x86.Build.0 = Release|Win32
	EndGlobalSection
	GlobalSection(SolutionProperties) = preSolution
		HideSolutionNode = FALSE
	EndGlobalSection
	GlobalSection(ExtensibilityGlobals) = postSolution
		SolutionGuid = {7EF18504-B3A5-4124-8D1A-314955BED0AA}
	EndGlobalSection
EndGlobal
