
Microsoft Visual Studio Solution File, Format Version 12.00
# Visual Studio Version 17
VisualStudioVersion = 17.0.32014.148
MinimumVisualStudioVersion = 10.0.40219.1
Project("{8BC9CEB8-8B4A-11D0-8D11-00A0C91BC942}") = "A-1.자구알고 개요", "A-1.자구알고 개요\A-1.자구알고 개요.vcxproj", "{DB39C5C8-592E-44B8-B2B6-21B944C42F4C}"
EndProject
Project("{8BC9CEB8-8B4A-11D0-8D11-00A0C91BC942}") = "A-2.Template", "A-2.Template\A-2.Template.vcxproj", "{6D73974A-B12B-4660-9A6A-B298E5711473}"
EndProject
Project("{8BC9CEB8-8B4A-11D0-8D11-00A0C91BC942}") = "A-3.Template 실습", "A-3.Template 실습\A-3.Template 실습.vcxproj", "{57BB0235-C32C-46DF-9A0A-19D60D26F375}"
EndProject
Project("{8BC9CEB8-8B4A-11D0-8D11-00A0C91BC942}") = "A-4.Vector", "A-4.Vector\A-4.Vector.vcxproj", "{A91E5021-522F-4270-86FD-03E3CC1B776D}"
EndProject
Project("{8BC9CEB8-8B4A-11D0-8D11-00A0C91BC942}") = "A-5.List", "A-5.List\A-5.List.vcxproj", "{5FDFED70-DCCF-40E1-9757-9E96316B6897}"
EndProject
Project("{8BC9CEB8-8B4A-11D0-8D11-00A0C91BC942}") = "A-6.Iterator", "A-6.Iterator\A-6.Iterator.vcxproj", "{FCAE3433-795A-435B-BECE-C5F6A6FAAF0A}"
EndProject
Project("{8BC9CEB8-8B4A-11D0-8D11-00A0C91BC942}") = "A-7.Iterator(List)", "A-7.Iterator(List)\A-7.Iterator(List).vcxproj", "{75ADF8AC-5315-4716-8D30-7E6A7E1F3D25}"
EndProject
Project("{8BC9CEB8-8B4A-11D0-8D11-00A0C91BC942}") = "A-8.StackQueue", "A-8.StackQueue\A-8.StackQueue.vcxproj", "{9E4AFEA1-89C3-4ADF-8521-3B15013EEAFE}"
EndProject
Project("{8BC9CEB8-8B4A-11D0-8D11-00A0C91BC942}") = "A-9.BST", "A-9.BST\A-9.BST.vcxproj", "{8A75BACF-9E5C-4886-97FB-E397B91CA75D}"
EndProject
Project("{8BC9CEB8-8B4A-11D0-8D11-00A0C91BC942}") = "B-1. Sort", "B-1. Sort\B-1. Sort.vcxproj", "{64C64F92-E7FD-4622-ACC7-1C477376D218}"
EndProject
Global
	GlobalSection(SolutionConfigurationPlatforms) = preSolution
		Debug|x64 = Debug|x64
		Debug|x86 = Debug|x86
		Release|x64 = Release|x64
		Release|x86 = Release|x86
	EndGlobalSection
	GlobalSection(ProjectConfigurationPlatforms) = postSolution
		{DB39C5C8-592E-44B8-B2B6-21B944C42F4C}.Debug|x64.ActiveCfg = Debug|x64
		{DB39C5C8-592E-44B8-B2B6-21B944C42F4C}.Debug|x64.Build.0 = Debug|x64
		{DB39C5C8-592E-44B8-B2B6-21B944C42F4C}.Debug|x86.ActiveCfg = Debug|Win32
		{DB39C5C8-592E-44B8-B2B6-21B944C42F4C}.Debug|x86.Build.0 = Debug|Win32
		{DB39C5C8-592E-44B8-B2B6-21B944C42F4C}.Release|x64.ActiveCfg = Release|x64
		{DB39C5C8-592E-44B8-B2B6-21B944C42F4C}.Release|x64.Build.0 = Release|x64
		{DB39C5C8-592E-44B8-B2B6-21B944C42F4C}.Release|x86.ActiveCfg = Release|Win32
		{DB39C5C8-592E-44B8-B2B6-21B944C42F4C}.Release|x86.Build.0 = Release|Win32
		{6D73974A-B12B-4660-9A6A-B298E5711473}.Debug|x64.ActiveCfg = Debug|x64
		{6D73974A-B12B-4660-9A6A-B298E5711473}.Debug|x64.Build.0 = Debug|x64
		{6D73974A-B12B-4660-9A6A-B298E5711473}.Debug|x86.ActiveCfg = Debug|Win32
		{6D73974A-B12B-4660-9A6A-B298E5711473}.Debug|x86.Build.0 = Debug|Win32
		{6D73974A-B12B-4660-9A6A-B298E5711473}.Release|x64.ActiveCfg = Release|x64
		{6D73974A-B12B-4660-9A6A-B298E5711473}.Release|x64.Build.0 = Release|x64
		{6D73974A-B12B-4660-9A6A-B298E5711473}.Release|x86.ActiveCfg = Release|Win32
		{6D73974A-B12B-4660-9A6A-B298E5711473}.Release|x86.Build.0 = Release|Win32
		{57BB0235-C32C-46DF-9A0A-19D60D26F375}.Debug|x64.ActiveCfg = Debug|x64
		{57BB0235-C32C-46DF-9A0A-19D60D26F375}.Debug|x64.Build.0 = Debug|x64
		{57BB0235-C32C-46DF-9A0A-19D60D26F375}.Debug|x86.ActiveCfg = Debug|Win32
		{57BB0235-C32C-46DF-9A0A-19D60D26F375}.Debug|x86.Build.0 = Debug|Win32
		{57BB0235-C32C-46DF-9A0A-19D60D26F375}.Release|x64.ActiveCfg = Release|x64
		{57BB0235-C32C-46DF-9A0A-19D60D26F375}.Release|x64.Build.0 = Release|x64
		{57BB0235-C32C-46DF-9A0A-19D60D26F375}.Release|x86.ActiveCfg = Release|Win32
		{57BB0235-C32C-46DF-9A0A-19D60D26F375}.Release|x86.Build.0 = Release|Win32
		{A91E5021-522F-4270-86FD-03E3CC1B776D}.Debug|x64.ActiveCfg = Debug|x64
		{A91E5021-522F-4270-86FD-03E3CC1B776D}.Debug|x64.Build.0 = Debug|x64
		{A91E5021-522F-4270-86FD-03E3CC1B776D}.Debug|x86.ActiveCfg = Debug|Win32
		{A91E5021-522F-4270-86FD-03E3CC1B776D}.Debug|x86.Build.0 = Debug|Win32
		{A91E5021-522F-4270-86FD-03E3CC1B776D}.Release|x64.ActiveCfg = Release|x64
		{A91E5021-522F-4270-86FD-03E3CC1B776D}.Release|x64.Build.0 = Release|x64
		{A91E5021-522F-4270-86FD-03E3CC1B776D}.Release|x86.ActiveCfg = Release|Win32
		{A91E5021-522F-4270-86FD-03E3CC1B776D}.Release|x86.Build.0 = Release|Win32
		{5FDFED70-DCCF-40E1-9757-9E96316B6897}.Debug|x64.ActiveCfg = Debug|x64
		{5FDFED70-DCCF-40E1-9757-9E96316B6897}.Debug|x64.Build.0 = Debug|x64
		{5FDFED70-DCCF-40E1-9757-9E96316B6897}.Debug|x86.ActiveCfg = Debug|Win32
		{5FDFED70-DCCF-40E1-9757-9E96316B6897}.Debug|x86.Build.0 = Debug|Win32
		{5FDFED70-DCCF-40E1-9757-9E96316B6897}.Release|x64.ActiveCfg = Release|x64
		{5FDFED70-DCCF-40E1-9757-9E96316B6897}.Release|x64.Build.0 = Release|x64
		{5FDFED70-DCCF-40E1-9757-9E96316B6897}.Release|x86.ActiveCfg = Release|Win32
		{5FDFED70-DCCF-40E1-9757-9E96316B6897}.Release|x86.Build.0 = Release|Win32
		{FCAE3433-795A-435B-BECE-C5F6A6FAAF0A}.Debug|x64.ActiveCfg = Debug|x64
		{FCAE3433-795A-435B-BECE-C5F6A6FAAF0A}.Debug|x64.Build.0 = Debug|x64
		{FCAE3433-795A-435B-BECE-C5F6A6FAAF0A}.Debug|x86.ActiveCfg = Debug|Win32
		{FCAE3433-795A-435B-BECE-C5F6A6FAAF0A}.Debug|x86.Build.0 = Debug|Win32
		{FCAE3433-795A-435B-BECE-C5F6A6FAAF0A}.Release|x64.ActiveCfg = Release|x64
		{FCAE3433-795A-435B-BECE-C5F6A6FAAF0A}.Release|x64.Build.0 = Release|x64
		{FCAE3433-795A-435B-BECE-C5F6A6FAAF0A}.Release|x86.ActiveCfg = Release|Win32
		{FCAE3433-795A-435B-BECE-C5F6A6FAAF0A}.Release|x86.Build.0 = Release|Win32
		{75ADF8AC-5315-4716-8D30-7E6A7E1F3D25}.Debug|x64.ActiveCfg = Debug|x64
		{75ADF8AC-5315-4716-8D30-7E6A7E1F3D25}.Debug|x64.Build.0 = Debug|x64
		{75ADF8AC-5315-4716-8D30-7E6A7E1F3D25}.Debug|x86.ActiveCfg = Debug|Win32
		{75ADF8AC-5315-4716-8D30-7E6A7E1F3D25}.Debug|x86.Build.0 = Debug|Win32
		{75ADF8AC-5315-4716-8D30-7E6A7E1F3D25}.Release|x64.ActiveCfg = Release|x64
		{75ADF8AC-5315-4716-8D30-7E6A7E1F3D25}.Release|x64.Build.0 = Release|x64
		{75ADF8AC-5315-4716-8D30-7E6A7E1F3D25}.Release|x86.ActiveCfg = Release|Win32
		{75ADF8AC-5315-4716-8D30-7E6A7E1F3D25}.Release|x86.Build.0 = Release|Win32
		{9E4AFEA1-89C3-4ADF-8521-3B15013EEAFE}.Debug|x64.ActiveCfg = Debug|x64
		{9E4AFEA1-89C3-4ADF-8521-3B15013EEAFE}.Debug|x64.Build.0 = Debug|x64
		{9E4AFEA1-89C3-4ADF-8521-3B15013EEAFE}.Debug|x86.ActiveCfg = Debug|Win32
		{9E4AFEA1-89C3-4ADF-8521-3B15013EEAFE}.Debug|x86.Build.0 = Debug|Win32
		{9E4AFEA1-89C3-4ADF-8521-3B15013EEAFE}.Release|x64.ActiveCfg = Release|x64
		{9E4AFEA1-89C3-4ADF-8521-3B15013EEAFE}.Release|x64.Build.0 = Release|x64
		{9E4AFEA1-89C3-4ADF-8521-3B15013EEAFE}.Release|x86.ActiveCfg = Release|Win32
		{9E4AFEA1-89C3-4ADF-8521-3B15013EEAFE}.Release|x86.Build.0 = Release|Win32
		{8A75BACF-9E5C-4886-97FB-E397B91CA75D}.Debug|x64.ActiveCfg = Debug|x64
		{8A75BACF-9E5C-4886-97FB-E397B91CA75D}.Debug|x64.Build.0 = Debug|x64
		{8A75BACF-9E5C-4886-97FB-E397B91CA75D}.Debug|x86.ActiveCfg = Debug|Win32
		{8A75BACF-9E5C-4886-97FB-E397B91CA75D}.Debug|x86.Build.0 = Debug|Win32
		{8A75BACF-9E5C-4886-97FB-E397B91CA75D}.Release|x64.ActiveCfg = Release|x64
		{8A75BACF-9E5C-4886-97FB-E397B91CA75D}.Release|x64.Build.0 = Release|x64
		{8A75BACF-9E5C-4886-97FB-E397B91CA75D}.Release|x86.ActiveCfg = Release|Win32
		{8A75BACF-9E5C-4886-97FB-E397B91CA75D}.Release|x86.Build.0 = Release|Win32
		{64C64F92-E7FD-4622-ACC7-1C477376D218}.Debug|x64.ActiveCfg = Debug|x64
		{64C64F92-E7FD-4622-ACC7-1C477376D218}.Debug|x64.Build.0 = Debug|x64
		{64C64F92-E7FD-4622-ACC7-1C477376D218}.Debug|x86.ActiveCfg = Debug|Win32
		{64C64F92-E7FD-4622-ACC7-1C477376D218}.Debug|x86.Build.0 = Debug|Win32
		{64C64F92-E7FD-4622-ACC7-1C477376D218}.Release|x64.ActiveCfg = Release|x64
		{64C64F92-E7FD-4622-ACC7-1C477376D218}.Release|x64.Build.0 = Release|x64
		{64C64F92-E7FD-4622-ACC7-1C477376D218}.Release|x86.ActiveCfg = Release|Win32
		{64C64F92-E7FD-4622-ACC7-1C477376D218}.Release|x86.Build.0 = Release|Win32
	EndGlobalSection
	GlobalSection(SolutionProperties) = preSolution
		HideSolutionNode = FALSE
	EndGlobalSection
	GlobalSection(ExtensibilityGlobals) = postSolution
		SolutionGuid = {C2D2F996-E971-46B7-978F-57EC571A82D3}
	EndGlobalSection
EndGlobal
